
Microsoft Visual Studio Solution File, Format Version 12.00
# Visual Studio Version 17
VisualStudioVersion = 17.1.32407.343
MinimumVisualStudioVersion = 10.0.40219.1
Project("{2150E333-8FDC-42A3-9474-1A3956D46DE8}") = "Backend", "Backend", "{994D2974-88E6-4766-961C-BCAA6071FAC1}"
EndProject
Project("{2150E333-8FDC-42A3-9474-1A3956D46DE8}") = "Frontend", "Frontend", "{F6C3CEED-1227-4CE5-9C65-B4778E9D563B}"
EndProject
Project("{2150E333-8FDC-42A3-9474-1A3956D46DE8}") = "Shared", "Shared", "{FF1152FA-3059-4D72-9F6B-3BC69C3F71E4}"
EndProject
Project("{2150E333-8FDC-42A3-9474-1A3956D46DE8}") = "Others", "Others", "{8953DCCE-DD09-4609-A3BF-75587C5A7EDA}"
	ProjectSection(SolutionItems) = preProject
		.gitignore = .gitignore
	EndProjectSection
EndProject
Project("{9A19103F-16F7-4668-BE54-9A1E7A4F7556}") = "I0OGPS_HFT_2021221.WPFClient", "I0OGPS_HFT_2021221.WPFClient\I0OGPS_HFT_2021221.WPFClient.csproj", "{A98DD393-87A1-4416-97F7-805FDADB72E7}"
EndProject
Project("{9A19103F-16F7-4668-BE54-9A1E7A4F7556}") = "I0OGPS_HFT_2021221.JSClient", "I0OGPS_HFT_2021221.JSClient\I0OGPS_HFT_2021221.JSClient.csproj", "{340A2DC5-12A1-4015-82AD-FD9CED937863}"
EndProject
Project("{9A19103F-16F7-4668-BE54-9A1E7A4F7556}") = "I0OGPS_HFT_2021221.Data", "I0OGPS_HFT_2021221.Data\I0OGPS_HFT_2021221.Data.csproj", "{3897BE6F-6803-4B28-9AEA-C65925568A0A}"
EndProject
Project("{9A19103F-16F7-4668-BE54-9A1E7A4F7556}") = "I0OGPS_HFT_2021221.Endpoint", "I0OGPS_HFT_2021221.Endpoint\I0OGPS_HFT_2021221.Endpoint.csproj", "{744EFF66-DD9D-4C6C-8E9D-6C735065AA09}"
EndProject
Project("{9A19103F-16F7-4668-BE54-9A1E7A4F7556}") = "I0OGPS_HFT_2021221.Logic", "I0OGPS_HFT_2021221.Logic\I0OGPS_HFT_2021221.Logic.csproj", "{F55FA2F7-00B9-4ED3-992D-1D4B32B31A68}"
EndProject
Project("{9A19103F-16F7-4668-BE54-9A1E7A4F7556}") = "I0OGPS_HFT_2021221.Repository", "I0OGPS_HFT_2021221.Repository\I0OGPS_HFT_2021221.Repository.csproj", "{567759AA-7B35-414C-A464-FEE56C678819}"
EndProject
Project("{9A19103F-16F7-4668-BE54-9A1E7A4F7556}") = "I0OGPS_HFT_2021221.Test", "I0OGPS_HFT_2021221.Test\I0OGPS_HFT_2021221.Test.csproj", "{1A9085A8-B9FF-4742-8821-9954DBD8BC78}"
EndProject
Project("{9A19103F-16F7-4668-BE54-9A1E7A4F7556}") = "I0OGPS_HFT_2021221.Client", "I0OGPS_HFT_2021221.Client\I0OGPS_HFT_2021221.Client.csproj", "{6B662E8A-190B-455F-886E-17F6AE6682BD}"
EndProject
Project("{9A19103F-16F7-4668-BE54-9A1E7A4F7556}") = "I0OGPS_HFT_2021221.Models", "I0OGPS_HFT_2021221.Models\I0OGPS_HFT_2021221.Models.csproj", "{15A4A89A-6FE9-46F1-ABCF-B1A27E193850}"
EndProject
Global
	GlobalSection(SolutionConfigurationPlatforms) = preSolution
		Debug|Any CPU = Debug|Any CPU
		Release|Any CPU = Release|Any CPU
	EndGlobalSection
	GlobalSection(ProjectConfigurationPlatforms) = postSolution
		{A98DD393-87A1-4416-97F7-805FDADB72E7}.Debug|Any CPU.ActiveCfg = Debug|Any CPU
		{A98DD393-87A1-4416-97F7-805FDADB72E7}.Debug|Any CPU.Build.0 = Debug|Any CPU
		{A98DD393-87A1-4416-97F7-805FDADB72E7}.Release|Any CPU.ActiveCfg = Release|Any CPU
		{A98DD393-87A1-4416-97F7-805FDADB72E7}.Release|Any CPU.Build.0 = Release|Any CPU
		{340A2DC5-12A1-4015-82AD-FD9CED937863}.Debug|Any CPU.ActiveCfg = Debug|Any CPU
		{340A2DC5-12A1-4015-82AD-FD9CED937863}.Debug|Any CPU.Build.0 = Debug|Any CPU
		{340A2DC5-12A1-4015-82AD-FD9CED937863}.Release|Any CPU.ActiveCfg = Release|Any CPU
		{340A2DC5-12A1-4015-82AD-FD9CED937863}.Release|Any CPU.Build.0 = Release|Any CPU
		{3897BE6F-6803-4B28-9AEA-C65925568A0A}.Debug|Any CPU.ActiveCfg = Debug|Any CPU
		{3897BE6F-6803-4B28-9AEA-C65925568A0A}.Debug|Any CPU.Build.0 = Debug|Any CPU
		{3897BE6F-6803-4B28-9AEA-C65925568A0A}.Release|Any CPU.ActiveCfg = Release|Any CPU
		{3897BE6F-6803-4B28-9AEA-C65925568A0A}.Release|Any CPU.Build.0 = Release|Any CPU
		{744EFF66-DD9D-4C6C-8E9D-6C735065AA09}.Debug|Any CPU.ActiveCfg = Debug|Any CPU
		{744EFF66-DD9D-4C6C-8E9D-6C735065AA09}.Debug|Any CPU.Build.0 = Debug|Any CPU
		{744EFF66-DD9D-4C6C-8E9D-6C735065AA09}.Release|Any CPU.ActiveCfg = Release|Any CPU
		{744EFF66-DD9D-4C6C-8E9D-6C735065AA09}.Release|Any CPU.Build.0 = Release|Any CPU
		{F55FA2F7-00B9-4ED3-992D-1D4B32B31A68}.Debug|Any CPU.ActiveCfg = Debug|Any CPU
		{F55FA2F7-00B9-4ED3-992D-1D4B32B31A68}.Debug|Any CPU.Build.0 = Debug|Any CPU
		{F55FA2F7-00B9-4ED3-992D-1D4B32B31A68}.Release|Any CPU.ActiveCfg = Release|Any CPU
		{F55FA2F7-00B9-4ED3-992D-1D4B32B31A68}.Release|Any CPU.Build.0 = Release|Any CPU
		{567759AA-7B35-414C-A464-FEE56C678819}.Debug|Any CPU.ActiveCfg = Debug|Any CPU
		{567759AA-7B35-414C-A464-FEE56C678819}.Debug|Any CPU.Build.0 = Debug|Any CPU
		{567759AA-7B35-414C-A464-FEE56C678819}.Release|Any CPU.ActiveCfg = Release|Any CPU
		{567759AA-7B35-414C-A464-FEE56C678819}.Release|Any CPU.Build.0 = Release|Any CPU
		{1A9085A8-B9FF-4742-8821-9954DBD8BC78}.Debug|Any CPU.ActiveCfg = Debug|Any CPU
		{1A9085A8-B9FF-4742-8821-9954DBD8BC78}.Debug|Any CPU.Build.0 = Debug|Any CPU
		{1A9085A8-B9FF-4742-8821-9954DBD8BC78}.Release|Any CPU.ActiveCfg = Release|Any CPU
		{1A9085A8-B9FF-4742-8821-9954DBD8BC78}.Release|Any CPU.Build.0 = Release|Any CPU
		{6B662E8A-190B-455F-886E-17F6AE6682BD}.Debug|Any CPU.ActiveCfg = Debug|Any CPU
		{6B662E8A-190B-455F-886E-17F6AE6682BD}.Debug|Any CPU.Build.0 = Debug|Any CPU
		{6B662E8A-190B-455F-886E-17F6AE6682BD}.Release|Any CPU.ActiveCfg = Release|Any CPU
		{6B662E8A-190B-455F-886E-17F6AE6682BD}.Release|Any CPU.Build.0 = Release|Any CPU
		{15A4A89A-6FE9-46F1-ABCF-B1A27E193850}.Debug|Any CPU.ActiveCfg = Debug|Any CPU
		{15A4A89A-6FE9-46F1-ABCF-B1A27E193850}.Debug|Any CPU.Build.0 = Debug|Any CPU
		{15A4A89A-6FE9-46F1-ABCF-B1A27E193850}.Release|Any CPU.ActiveCfg = Release|Any CPU
		{15A4A89A-6FE9-46F1-ABCF-B1A27E193850}.Release|Any CPU.Build.0 = Release|Any CPU
	EndGlobalSection
	GlobalSection(SolutionProperties) = preSolution
		HideSolutionNode = FALSE
	EndGlobalSection
	GlobalSection(NestedProjects) = preSolution
		{A98DD393-87A1-4416-97F7-805FDADB72E7} = {F6C3CEED-1227-4CE5-9C65-B4778E9D563B}
		{340A2DC5-12A1-4015-82AD-FD9CED937863} = {F6C3CEED-1227-4CE5-9C65-B4778E9D563B}
		{3897BE6F-6803-4B28-9AEA-C65925568A0A} = {994D2974-88E6-4766-961C-BCAA6071FAC1}
		{744EFF66-DD9D-4C6C-8E9D-6C735065AA09} = {994D2974-88E6-4766-961C-BCAA6071FAC1}
		{F55FA2F7-00B9-4ED3-992D-1D4B32B31A68} = {994D2974-88E6-4766-961C-BCAA6071FAC1}
		{567759AA-7B35-414C-A464-FEE56C678819} = {994D2974-88E6-4766-961C-BCAA6071FAC1}
		{1A9085A8-B9FF-4742-8821-9954DBD8BC78} = {994D2974-88E6-4766-961C-BCAA6071FAC1}
		{6B662E8A-190B-455F-886E-17F6AE6682BD} = {F6C3CEED-1227-4CE5-9C65-B4778E9D563B}
		{15A4A89A-6FE9-46F1-ABCF-B1A27E193850} = {FF1152FA-3059-4D72-9F6B-3BC69C3F71E4}
	EndGlobalSection
	GlobalSection(ExtensibilityGlobals) = postSolution
		SolutionGuid = {E6F4F595-5148-407E-A061-025C157D06A8}
	EndGlobalSection
EndGlobal
